
Microsoft Visual Studio Solution File, Format Version 12.00
# Visual Studio Version 17
VisualStudioVersion = 17.11.35208.52
MinimumVisualStudioVersion = 10.0.40219.1
Project("{FAE04EC0-301F-11D3-BF4B-00C04F79EFBC}") = "CadastroResponsavelAluno", "CadastroResponsavelAluno\CadastroResponsavelAluno.csproj", "{1A3D95F4-F781-45D3-9F32-95C1C9549857}"
EndProject
Global
	GlobalSection(SolutionConfigurationPlatforms) = preSolution
		Debug|Any CPU = Debug|Any CPU
		Release|Any CPU = Release|Any CPU
	EndGlobalSection
	GlobalSection(ProjectConfigurationPlatforms) = postSolution
		{1A3D95F4-F781-45D3-9F32-95C1C9549857}.Debug|Any CPU.ActiveCfg = Debug|Any CPU
		{1A3D95F4-F781-45D3-9F32-95C1C9549857}.Debug|Any CPU.Build.0 = Debug|Any CPU
		{1A3D95F4-F781-45D3-9F32-95C1C9549857}.Release|Any CPU.ActiveCfg = Release|Any CPU
		{1A3D95F4-F781-45D3-9F32-95C1C9549857}.Release|Any CPU.Build.0 = Release|Any CPU
	EndGlobalSection
	GlobalSection(SolutionProperties) = preSolution
		HideSolutionNode = FALSE
	EndGlobalSection
	GlobalSection(ExtensibilityGlobals) = postSolution
		SolutionGuid = {2392D7A4-AA58-4C9A-8A8A-94145FA53654}
	EndGlobalSection
EndGlobal
